// !$*UTF8*$!
{
	archiveVersion = 1;
	classes = {
	};
	objectVersion = 50;
	objects = {

/* Begin PBXBuildFile section */
		AB6810EF263F26A100D86D40 /* MemoryGame.swift in Sources */ = {isa = PBXBuildFile; fileRef = AB6810EE263F26A100D86D40 /* MemoryGame.swift */; };
		AB6810F1263F292700D86D40 /* EmojiMemoryGame.swift in Sources */ = {isa = PBXBuildFile; fileRef = AB6810F0263F292700D86D40 /* EmojiMemoryGame.swift */; };
		ABA11EB92644C9E900A5AE87 /* Grid.swift in Sources */ = {isa = PBXBuildFile; fileRef = ABA11EB82644C9E900A5AE87 /* Grid.swift */; };
		ABA11EBB2644CE5F00A5AE87 /* GridLayout.swift in Sources */ = {isa = PBXBuildFile; fileRef = ABA11EBA2644CE5F00A5AE87 /* GridLayout.swift */; };
		ABA11EBD2644D25E00A5AE87 /* Array+Indentifiable.swift in Sources */ = {isa = PBXBuildFile; fileRef = ABA11EBC2644D25E00A5AE87 /* Array+Indentifiable.swift */; };
		ABA11EBF2644E18D00A5AE87 /* Array+Only.swift in Sources */ = {isa = PBXBuildFile; fileRef = ABA11EBE2644E18C00A5AE87 /* Array+Only.swift */; };
		ABDAD457263F148600BB2E18 /* SwiftyApp.swift in Sources */ = {isa = PBXBuildFile; fileRef = ABDAD456263F148600BB2E18 /* SwiftyApp.swift */; };
		ABDAD459263F148600BB2E18 /* MatchGameView.swift in Sources */ = {isa = PBXBuildFile; fileRef = ABDAD458263F148600BB2E18 /* MatchGameView.swift */; };
		ABDAD45B263F148700BB2E18 /* Assets.xcassets in Resources */ = {isa = PBXBuildFile; fileRef = ABDAD45A263F148700BB2E18 /* Assets.xcassets */; };
		ABDAD45E263F148700BB2E18 /* Preview Assets.xcassets in Resources */ = {isa = PBXBuildFile; fileRef = ABDAD45D263F148700BB2E18 /* Preview Assets.xcassets */; };
		ABDAD469263F148700BB2E18 /* SwiftyTests.swift in Sources */ = {isa = PBXBuildFile; fileRef = ABDAD468263F148700BB2E18 /* SwiftyTests.swift */; };
		ABDAD474263F148700BB2E18 /* SwiftyUITests.swift in Sources */ = {isa = PBXBuildFile; fileRef = ABDAD473263F148700BB2E18 /* SwiftyUITests.swift */; };
/* End PBXBuildFile section */

/* Begin PBXContainerItemProxy section */
		ABDAD465263F148700BB2E18 /* PBXContainerItemProxy */ = {
			isa = PBXContainerItemProxy;
			containerPortal = ABDAD44B263F148600BB2E18 /* Project object */;
			proxyType = 1;
			remoteGlobalIDString = ABDAD452263F148600BB2E18;
			remoteInfo = Swifty;
		};
		ABDAD470263F148700BB2E18 /* PBXContainerItemProxy */ = {
			isa = PBXContainerItemProxy;
			containerPortal = ABDAD44B263F148600BB2E18 /* Project object */;
			proxyType = 1;
			remoteGlobalIDString = ABDAD452263F148600BB2E18;
			remoteInfo = Swifty;
		};
/* End PBXContainerItemProxy section */

/* Begin PBXFileReference section */
		AB6810EE263F26A100D86D40 /* MemoryGame.swift */ = {isa = PBXFileReference; lastKnownFileType = sourcecode.swift; path = MemoryGame.swift; sourceTree = "<group>"; };
		AB6810F0263F292700D86D40 /* EmojiMemoryGame.swift */ = {isa = PBXFileReference; lastKnownFileType = sourcecode.swift; path = EmojiMemoryGame.swift; sourceTree = "<group>"; };
		ABA11EB82644C9E900A5AE87 /* Grid.swift */ = {isa = PBXFileReference; lastKnownFileType = sourcecode.swift; path = Grid.swift; sourceTree = "<group>"; };
		ABA11EBA2644CE5F00A5AE87 /* GridLayout.swift */ = {isa = PBXFileReference; lastKnownFileType = sourcecode.swift; path = GridLayout.swift; sourceTree = "<group>"; };
		ABA11EBC2644D25E00A5AE87 /* Array+Indentifiable.swift */ = {isa = PBXFileReference; lastKnownFileType = sourcecode.swift; path = "Array+Indentifiable.swift"; sourceTree = "<group>"; };
		ABA11EBE2644E18C00A5AE87 /* Array+Only.swift */ = {isa = PBXFileReference; lastKnownFileType = sourcecode.swift; path = "Array+Only.swift"; sourceTree = "<group>"; };
		ABDAD453263F148600BB2E18 /* Swifty.app */ = {isa = PBXFileReference; explicitFileType = wrapper.application; includeInIndex = 0; path = Swifty.app; sourceTree = BUILT_PRODUCTS_DIR; };
		ABDAD456263F148600BB2E18 /* SwiftyApp.swift */ = {isa = PBXFileReference; lastKnownFileType = sourcecode.swift; path = SwiftyApp.swift; sourceTree = "<group>"; };
		ABDAD458263F148600BB2E18 /* MatchGameView.swift */ = {isa = PBXFileReference; lastKnownFileType = sourcecode.swift; path = MatchGameView.swift; sourceTree = "<group>"; };
		ABDAD45A263F148700BB2E18 /* Assets.xcassets */ = {isa = PBXFileReference; lastKnownFileType = folder.assetcatalog; path = Assets.xcassets; sourceTree = "<group>"; };
		ABDAD45D263F148700BB2E18 /* Preview Assets.xcassets */ = {isa = PBXFileReference; lastKnownFileType = folder.assetcatalog; path = "Preview Assets.xcassets"; sourceTree = "<group>"; };
		ABDAD45F263F148700BB2E18 /* Info.plist */ = {isa = PBXFileReference; lastKnownFileType = text.plist.xml; path = Info.plist; sourceTree = "<group>"; };
		ABDAD464263F148700BB2E18 /* SwiftyTests.xctest */ = {isa = PBXFileReference; explicitFileType = wrapper.cfbundle; includeInIndex = 0; path = SwiftyTests.xctest; sourceTree = BUILT_PRODUCTS_DIR; };
		ABDAD468263F148700BB2E18 /* SwiftyTests.swift */ = {isa = PBXFileReference; lastKnownFileType = sourcecode.swift; path = SwiftyTests.swift; sourceTree = "<group>"; };
		ABDAD46A263F148700BB2E18 /* Info.plist */ = {isa = PBXFileReference; lastKnownFileType = text.plist.xml; path = Info.plist; sourceTree = "<group>"; };
		ABDAD46F263F148700BB2E18 /* SwiftyUITests.xctest */ = {isa = PBXFileReference; explicitFileType = wrapper.cfbundle; includeInIndex = 0; path = SwiftyUITests.xctest; sourceTree = BUILT_PRODUCTS_DIR; };
		ABDAD473263F148700BB2E18 /* SwiftyUITests.swift */ = {isa = PBXFileReference; lastKnownFileType = sourcecode.swift; path = SwiftyUITests.swift; sourceTree = "<group>"; };
		ABDAD475263F148700BB2E18 /* Info.plist */ = {isa = PBXFileReference; lastKnownFileType = text.plist.xml; path = Info.plist; sourceTree = "<group>"; };
/* End PBXFileReference section */

/* Begin PBXFrameworksBuildPhase section */
		ABDAD450263F148600BB2E18 /* Frameworks */ = {
			isa = PBXFrameworksBuildPhase;
			buildActionMask = 2147483647;
			files = (
			);
			runOnlyForDeploymentPostprocessing = 0;
		};
		ABDAD461263F148700BB2E18 /* Frameworks */ = {
			isa = PBXFrameworksBuildPhase;
			buildActionMask = 2147483647;
			files = (
			);
			runOnlyForDeploymentPostprocessing = 0;
		};
		ABDAD46C263F148700BB2E18 /* Frameworks */ = {
			isa = PBXFrameworksBuildPhase;
			buildActionMask = 2147483647;
			files = (
			);
			runOnlyForDeploymentPostprocessing = 0;
		};
/* End PBXFrameworksBuildPhase section */

/* Begin PBXGroup section */
		ABDAD44A263F148600BB2E18 = {
			isa = PBXGroup;
			children = (
				ABDAD455263F148600BB2E18 /* Swifty */,
				ABDAD467263F148700BB2E18 /* SwiftyTests */,
				ABDAD472263F148700BB2E18 /* SwiftyUITests */,
				ABDAD454263F148600BB2E18 /* Products */,
			);
			sourceTree = "<group>";
		};
		ABDAD454263F148600BB2E18 /* Products */ = {
			isa = PBXGroup;
			children = (
				ABDAD453263F148600BB2E18 /* Swifty.app */,
				ABDAD464263F148700BB2E18 /* SwiftyTests.xctest */,
				ABDAD46F263F148700BB2E18 /* SwiftyUITests.xctest */,
			);
			name = Products;
			sourceTree = "<group>";
		};
		ABDAD455263F148600BB2E18 /* Swifty */ = {
			isa = PBXGroup;
			children = (
				ABA11EBC2644D25E00A5AE87 /* Array+Indentifiable.swift */,
				ABA11EBE2644E18C00A5AE87 /* Array+Only.swift */,
				ABDAD481263F211100BB2E18 /* MatchGame */,
				ABDAD456263F148600BB2E18 /* SwiftyApp.swift */,
				ABDAD45A263F148700BB2E18 /* Assets.xcassets */,
				ABDAD45F263F148700BB2E18 /* Info.plist */,
				ABDAD45C263F148700BB2E18 /* Preview Content */,
			);
			path = Swifty;
			sourceTree = "<group>";
		};
		ABDAD45C263F148700BB2E18 /* Preview Content */ = {
			isa = PBXGroup;
			children = (
				ABDAD45D263F148700BB2E18 /* Preview Assets.xcassets */,
			);
			path = "Preview Content";
			sourceTree = "<group>";
		};
		ABDAD467263F148700BB2E18 /* SwiftyTests */ = {
			isa = PBXGroup;
			children = (
				ABDAD468263F148700BB2E18 /* SwiftyTests.swift */,
				ABDAD46A263F148700BB2E18 /* Info.plist */,
			);
			path = SwiftyTests;
			sourceTree = "<group>";
		};
		ABDAD472263F148700BB2E18 /* SwiftyUITests */ = {
			isa = PBXGroup;
			children = (
				ABDAD473263F148700BB2E18 /* SwiftyUITests.swift */,
				ABDAD475263F148700BB2E18 /* Info.plist */,
			);
			path = SwiftyUITests;
			sourceTree = "<group>";
		};
		ABDAD481263F211100BB2E18 /* MatchGame */ = {
			isa = PBXGroup;
			children = (
				ABDAD458263F148600BB2E18 /* MatchGameView.swift */,
				AB6810EE263F26A100D86D40 /* MemoryGame.swift */,
				AB6810F0263F292700D86D40 /* EmojiMemoryGame.swift */,
				ABA11EB82644C9E900A5AE87 /* Grid.swift */,
				ABA11EBA2644CE5F00A5AE87 /* GridLayout.swift */,
			);
			path = MatchGame;
			sourceTree = "<group>";
		};
/* End PBXGroup section */

/* Begin PBXNativeTarget section */
		ABDAD452263F148600BB2E18 /* Swifty */ = {
			isa = PBXNativeTarget;
			buildConfigurationList = ABDAD478263F148700BB2E18 /* Build configuration list for PBXNativeTarget "Swifty" */;
			buildPhases = (
				ABDAD44F263F148600BB2E18 /* Sources */,
				ABDAD450263F148600BB2E18 /* Frameworks */,
				ABDAD451263F148600BB2E18 /* Resources */,
			);
			buildRules = (
			);
			dependencies = (
			);
			name = Swifty;
			productName = Swifty;
			productReference = ABDAD453263F148600BB2E18 /* Swifty.app */;
			productType = "com.apple.product-type.application";
		};
		ABDAD463263F148700BB2E18 /* SwiftyTests */ = {
			isa = PBXNativeTarget;
			buildConfigurationList = ABDAD47B263F148700BB2E18 /* Build configuration list for PBXNativeTarget "SwiftyTests" */;
			buildPhases = (
				ABDAD460263F148700BB2E18 /* Sources */,
				ABDAD461263F148700BB2E18 /* Frameworks */,
				ABDAD462263F148700BB2E18 /* Resources */,
			);
			buildRules = (
			);
			dependencies = (
				ABDAD466263F148700BB2E18 /* PBXTargetDependency */,
			);
			name = SwiftyTests;
			productName = SwiftyTests;
			productReference = ABDAD464263F148700BB2E18 /* SwiftyTests.xctest */;
			productType = "com.apple.product-type.bundle.unit-test";
		};
		ABDAD46E263F148700BB2E18 /* SwiftyUITests */ = {
			isa = PBXNativeTarget;
			buildConfigurationList = ABDAD47E263F148700BB2E18 /* Build configuration list for PBXNativeTarget "SwiftyUITests" */;
			buildPhases = (
				ABDAD46B263F148700BB2E18 /* Sources */,
				ABDAD46C263F148700BB2E18 /* Frameworks */,
				ABDAD46D263F148700BB2E18 /* Resources */,
			);
			buildRules = (
			);
			dependencies = (
				ABDAD471263F148700BB2E18 /* PBXTargetDependency */,
			);
			name = SwiftyUITests;
			productName = SwiftyUITests;
			productReference = ABDAD46F263F148700BB2E18 /* SwiftyUITests.xctest */;
			productType = "com.apple.product-type.bundle.ui-testing";
		};
/* End PBXNativeTarget section */

/* Begin PBXProject section */
		ABDAD44B263F148600BB2E18 /* Project object */ = {
			isa = PBXProject;
			attributes = {
				LastSwiftUpdateCheck = 1250;
				LastUpgradeCheck = 1250;
				TargetAttributes = {
					ABDAD452263F148600BB2E18 = {
						CreatedOnToolsVersion = 12.5;
					};
					ABDAD463263F148700BB2E18 = {
						CreatedOnToolsVersion = 12.5;
						TestTargetID = ABDAD452263F148600BB2E18;
					};
					ABDAD46E263F148700BB2E18 = {
						CreatedOnToolsVersion = 12.5;
						TestTargetID = ABDAD452263F148600BB2E18;
					};
				};
			};
			buildConfigurationList = ABDAD44E263F148600BB2E18 /* Build configuration list for PBXProject "Swifty" */;
			compatibilityVersion = "Xcode 9.3";
			developmentRegion = en;
			hasScannedForEncodings = 0;
			knownRegions = (
				en,
				Base,
			);
			mainGroup = ABDAD44A263F148600BB2E18;
			productRefGroup = ABDAD454263F148600BB2E18 /* Products */;
			projectDirPath = "";
			projectRoot = "";
			targets = (
				ABDAD452263F148600BB2E18 /* Swifty */,
				ABDAD463263F148700BB2E18 /* SwiftyTests */,
				ABDAD46E263F148700BB2E18 /* SwiftyUITests */,
			);
		};
/* End PBXProject section */

/* Begin PBXResourcesBuildPhase section */
		ABDAD451263F148600BB2E18 /* Resources */ = {
			isa = PBXResourcesBuildPhase;
			buildActionMask = 2147483647;
			files = (
				ABDAD45E263F148700BB2E18 /* Preview Assets.xcassets in Resources */,
				ABDAD45B263F148700BB2E18 /* Assets.xcassets in Resources */,
			);
			runOnlyForDeploymentPostprocessing = 0;
		};
		ABDAD462263F148700BB2E18 /* Resources */ = {
			isa = PBXResourcesBuildPhase;
			buildActionMask = 2147483647;
			files = (
			);
			runOnlyForDeploymentPostprocessing = 0;
		};
		ABDAD46D263F148700BB2E18 /* Resources */ = {
			isa = PBXResourcesBuildPhase;
			buildActionMask = 2147483647;
			files = (
			);
			runOnlyForDeploymentPostprocessing = 0;
		};
/* End PBXResourcesBuildPhase section */

/* Begin PBXSourcesBuildPhase section */
		ABDAD44F263F148600BB2E18 /* Sources */ = {
			isa = PBXSourcesBuildPhase;
			buildActionMask = 2147483647;
			files = (
				AB6810EF263F26A100D86D40 /* MemoryGame.swift in Sources */,
				ABA11EBD2644D25E00A5AE87 /* Array+Indentifiable.swift in Sources */,
				ABDAD459263F148600BB2E18 /* MatchGameView.swift in Sources */,
				ABDAD457263F148600BB2E18 /* SwiftyApp.swift in Sources */,
				ABA11EBB2644CE5F00A5AE87 /* GridLayout.swift in Sources */,
				ABA11EB92644C9E900A5AE87 /* Grid.swift in Sources */,
				AB6810F1263F292700D86D40 /* EmojiMemoryGame.swift in Sources */,
				ABA11EBF2644E18D00A5AE87 /* Array+Only.swift in Sources */,
			);
			runOnlyForDeploymentPostprocessing = 0;
		};
		ABDAD460263F148700BB2E18 /* Sources */ = {
			isa = PBXSourcesBuildPhase;
			buildActionMask = 2147483647;
			files = (
				ABDAD469263F148700BB2E18 /* SwiftyTests.swift in Sources */,
			);
			runOnlyForDeploymentPostprocessing = 0;
		};
		ABDAD46B263F148700BB2E18 /* Sources */ = {
			isa = PBXSourcesBuildPhase;
			buildActionMask = 2147483647;
			files = (
				ABDAD474263F148700BB2E18 /* SwiftyUITests.swift in Sources */,
			);
			runOnlyForDeploymentPostprocessing = 0;
		};
/* End PBXSourcesBuildPhase section */

/* Begin PBXTargetDependency section */
		ABDAD466263F148700BB2E18 /* PBXTargetDependency */ = {
			isa = PBXTargetDependency;
			target = ABDAD452263F148600BB2E18 /* Swifty */;
			targetProxy = ABDAD465263F148700BB2E18 /* PBXContainerItemProxy */;
		};
		ABDAD471263F148700BB2E18 /* PBXTargetDependency */ = {
			isa = PBXTargetDependency;
			target = ABDAD452263F148600BB2E18 /* Swifty */;
			targetProxy = ABDAD470263F148700BB2E18 /* PBXContainerItemProxy */;
		};
/* End PBXTargetDependency section */

/* Begin XCBuildConfiguration section */
		ABDAD476263F148700BB2E18 /* Debug */ = {
			isa = XCBuildConfiguration;
			buildSettings = {
				ALWAYS_SEARCH_USER_PATHS = NO;
				CLANG_ANALYZER_NONNULL = YES;
				CLANG_ANALYZER_NUMBER_OBJECT_CONVERSION = YES_AGGRESSIVE;
				CLANG_CXX_LANGUAGE_STANDARD = "gnu++14";
				CLANG_CXX_LIBRARY = "libc++";
				CLANG_ENABLE_MODULES = YES;
				CLANG_ENABLE_OBJC_ARC = YES;
				CLANG_ENABLE_OBJC_WEAK = YES;
				CLANG_WARN_BLOCK_CAPTURE_AUTORELEASING = YES;
				CLANG_WARN_BOOL_CONVERSION = YES;
				CLANG_WARN_COMMA = YES;
				CLANG_WARN_CONSTANT_CONVERSION = YES;
				CLANG_WARN_DEPRECATED_OBJC_IMPLEMENTATIONS = YES;
				CLANG_WARN_DIRECT_OBJC_ISA_USAGE = YES_ERROR;
				CLANG_WARN_DOCUMENTATION_COMMENTS = YES;
				CLANG_WARN_EMPTY_BODY = YES;
				CLANG_WARN_ENUM_CONVERSION = YES;
				CLANG_WARN_INFINITE_RECURSION = YES;
				CLANG_WARN_INT_CONVERSION = YES;
				CLANG_WARN_NON_LITERAL_NULL_CONVERSION = YES;
				CLANG_WARN_OBJC_IMPLICIT_RETAIN_SELF = YES;
				CLANG_WARN_OBJC_LITERAL_CONVERSION = YES;
				CLANG_WARN_OBJC_ROOT_CLASS = YES_ERROR;
				CLANG_WARN_QUOTED_INCLUDE_IN_FRAMEWORK_HEADER = YES;
				CLANG_WARN_RANGE_LOOP_ANALYSIS = YES;
				CLANG_WARN_STRICT_PROTOTYPES = YES;
				CLANG_WARN_SUSPICIOUS_MOVE = YES;
				CLANG_WARN_UNGUARDED_AVAILABILITY = YES_AGGRESSIVE;
				CLANG_WARN_UNREACHABLE_CODE = YES;
				CLANG_WARN__DUPLICATE_METHOD_MATCH = YES;
				COPY_PHASE_STRIP = NO;
				DEBUG_INFORMATION_FORMAT = dwarf;
				ENABLE_STRICT_OBJC_MSGSEND = YES;
				ENABLE_TESTABILITY = YES;
				GCC_C_LANGUAGE_STANDARD = gnu11;
				GCC_DYNAMIC_NO_PIC = NO;
				GCC_NO_COMMON_BLOCKS = YES;
				GCC_OPTIMIZATION_LEVEL = 0;
				GCC_PREPROCESSOR_DEFINITIONS = (
					"DEBUG=1",
					"$(inherited)",
				);
				GCC_WARN_64_TO_32_BIT_CONVERSION = YES;
				GCC_WARN_ABOUT_RETURN_TYPE = YES_ERROR;
				GCC_WARN_UNDECLARED_SELECTOR = YES;
				GCC_WARN_UNINITIALIZED_AUTOS = YES_AGGRESSIVE;
				GCC_WARN_UNUSED_FUNCTION = YES;
				GCC_WARN_UNUSED_VARIABLE = YES;
				IPHONEOS_DEPLOYMENT_TARGET = 14.5;
				MTL_ENABLE_DEBUG_INFO = INCLUDE_SOURCE;
				MTL_FAST_MATH = YES;
				ONLY_ACTIVE_ARCH = YES;
				SDKROOT = iphoneos;
				SWIFT_ACTIVE_COMPILATION_CONDITIONS = DEBUG;
				SWIFT_OPTIMIZATION_LEVEL = "-Onone";
			};
			name = Debug;
		};
		ABDAD477263F148700BB2E18 /* Release */ = {
			isa = XCBuildConfiguration;
			buildSettings = {
				ALWAYS_SEARCH_USER_PATHS = NO;
				CLANG_ANALYZER_NONNULL = YES;
				CLANG_ANALYZER_NUMBER_OBJECT_CONVERSION = YES_AGGRESSIVE;
				CLANG_CXX_LANGUAGE_STANDARD = "gnu++14";
				CLANG_CXX_LIBRARY = "libc++";
				CLANG_ENABLE_MODULES = YES;
				CLANG_ENABLE_OBJC_ARC = YES;
				CLANG_ENABLE_OBJC_WEAK = YES;
				CLANG_WARN_BLOCK_CAPTURE_AUTORELEASING = YES;
				CLANG_WARN_BOOL_CONVERSION = YES;
				CLANG_WARN_COMMA = YES;
				CLANG_WARN_CONSTANT_CONVERSION = YES;
				CLANG_WARN_DEPRECATED_OBJC_IMPLEMENTATIONS = YES;
				CLANG_WARN_DIRECT_OBJC_ISA_USAGE = YES_ERROR;
				CLANG_WARN_DOCUMENTATION_COMMENTS = YES;
				CLANG_WARN_EMPTY_BODY = YES;
				CLANG_WARN_ENUM_CONVERSION = YES;
				CLANG_WARN_INFINITE_RECURSION = YES;
				CLANG_WARN_INT_CONVERSION = YES;
				CLANG_WARN_NON_LITERAL_NULL_CONVERSION = YES;
				CLANG_WARN_OBJC_IMPLICIT_RETAIN_SELF = YES;
				CLANG_WARN_OBJC_LITERAL_CONVERSION = YES;
				CLANG_WARN_OBJC_ROOT_CLASS = YES_ERROR;
				CLANG_WARN_QUOTED_INCLUDE_IN_FRAMEWORK_HEADER = YES;
				CLANG_WARN_RANGE_LOOP_ANALYSIS = YES;
				CLANG_WARN_STRICT_PROTOTYPES = YES;
				CLANG_WARN_SUSPICIOUS_MOVE = YES;
				CLANG_WARN_UNGUARDED_AVAILABILITY = YES_AGGRESSIVE;
				CLANG_WARN_UNREACHABLE_CODE = YES;
				CLANG_WARN__DUPLICATE_METHOD_MATCH = YES;
				COPY_PHASE_STRIP = NO;
				DEBUG_INFORMATION_FORMAT = "dwarf-with-dsym";
				ENABLE_NS_ASSERTIONS = NO;
				ENABLE_STRICT_OBJC_MSGSEND = YES;
				GCC_C_LANGUAGE_STANDARD = gnu11;
				GCC_NO_COMMON_BLOCKS = YES;
				GCC_WARN_64_TO_32_BIT_CONVERSION = YES;
				GCC_WARN_ABOUT_RETURN_TYPE = YES_ERROR;
				GCC_WARN_UNDECLARED_SELECTOR = YES;
				GCC_WARN_UNINITIALIZED_AUTOS = YES_AGGRESSIVE;
				GCC_WARN_UNUSED_FUNCTION = YES;
				GCC_WARN_UNUSED_VARIABLE = YES;
				IPHONEOS_DEPLOYMENT_TARGET = 14.5;
				MTL_ENABLE_DEBUG_INFO = NO;
				MTL_FAST_MATH = YES;
				SDKROOT = iphoneos;
				SWIFT_COMPILATION_MODE = wholemodule;
				SWIFT_OPTIMIZATION_LEVEL = "-O";
				VALIDATE_PRODUCT = YES;
			};
			name = Release;
		};
		ABDAD479263F148700BB2E18 /* Debug */ = {
			isa = XCBuildConfiguration;
			buildSettings = {
				ASSETCATALOG_COMPILER_APPICON_NAME = AppIcon;
				ASSETCATALOG_COMPILER_GLOBAL_ACCENT_COLOR_NAME = AccentColor;
				CODE_SIGN_STYLE = Automatic;
				DEVELOPMENT_ASSET_PATHS = "\"Swifty/Preview Content\"";
				DEVELOPMENT_TEAM = 5JLUUZNDE4;
				ENABLE_PREVIEWS = YES;
				INFOPLIST_FILE = Swifty/Info.plist;
				IPHONEOS_DEPLOYMENT_TARGET = 14.0;
				LD_RUNPATH_SEARCH_PATHS = (
					"$(inherited)",
					"@executable_path/Frameworks",
				);
				PRODUCT_BUNDLE_IDENTIFIER = com.benfield.design.Swifty;
				PRODUCT_NAME = "$(TARGET_NAME)";
				SWIFT_VERSION = 5.0;
				TARGETED_DEVICE_FAMILY = "1,2";
			};
			name = Debug;
		};
		ABDAD47A263F148700BB2E18 /* Release */ = {
			isa = XCBuildConfiguration;
			buildSettings = {
				ASSETCATALOG_COMPILER_APPICON_NAME = AppIcon;
				ASSETCATALOG_COMPILER_GLOBAL_ACCENT_COLOR_NAME = AccentColor;
				CODE_SIGN_STYLE = Automatic;
				DEVELOPMENT_ASSET_PATHS = "\"Swifty/Preview Content\"";
				DEVELOPMENT_TEAM = 5JLUUZNDE4;
				ENABLE_PREVIEWS = YES;
				INFOPLIST_FILE = Swifty/Info.plist;
				IPHONEOS_DEPLOYMENT_TARGET = 14.0;
				LD_RUNPATH_SEARCH_PATHS = (
					"$(inherited)",
					"@executable_path/Frameworks",
				);
				PRODUCT_BUNDLE_IDENTIFIER = com.benfield.design.Swifty;
				PRODUCT_NAME = "$(TARGET_NAME)";
				SWIFT_VERSION = 5.0;
				TARGETED_DEVICE_FAMILY = "1,2";
			};
			name = Release;
		};
		ABDAD47C263F148700BB2E18 /* Debug */ = {
			isa = XCBuildConfiguration;
			buildSettings = {
				ALWAYS_EMBED_SWIFT_STANDARD_LIBRARIES = YES;
				BUNDLE_LOADER = "$(TEST_HOST)";
				CODE_SIGN_STYLE = Automatic;
				INFOPLIST_FILE = SwiftyTests/Info.plist;
				IPHONEOS_DEPLOYMENT_TARGET = 14.0;
				LD_RUNPATH_SEARCH_PATHS = (
					"$(inherited)",
					"@executable_path/Frameworks",
					"@loader_path/Frameworks",
				);
				PRODUCT_BUNDLE_IDENTIFIER = com.benfield.design.SwiftyTests;
				PRODUCT_NAME = "$(TARGET_NAME)";
				SWIFT_VERSION = 5.0;
				TARGETED_DEVICE_FAMILY = "1,2";
				TEST_HOST = "$(BUILT_PRODUCTS_DIR)/Swifty.app/Swifty";
			};
			name = Debug;
		};
		ABDAD47D263F148700BB2E18 /* Release */ = {
			isa = XCBuildConfiguration;
			buildSettings = {
				ALWAYS_EMBED_SWIFT_STANDARD_LIBRARIES = YES;
				BUNDLE_LOADER = "$(TEST_HOST)";
				CODE_SIGN_STYLE = Automatic;
				INFOPLIST_FILE = SwiftyTests/Info.plist;
				IPHONEOS_DEPLOYMENT_TARGET = 14.0;
				LD_RUNPATH_SEARCH_PATHS = (
					"$(inherited)",
					"@executable_path/Frameworks",
					"@loader_path/Frameworks",
				);
				PRODUCT_BUNDLE_IDENTIFIER = com.benfield.design.SwiftyTests;
				PRODUCT_NAME = "$(TARGET_NAME)";
				SWIFT_VERSION = 5.0;
				TARGETED_DEVICE_FAMILY = "1,2";
				TEST_HOST = "$(BUILT_PRODUCTS_DIR)/Swifty.app/Swifty";
			};
			name = Release;
		};
		ABDAD47F263F148700BB2E18 /* Debug */ = {
			isa = XCBuildConfiguration;
			buildSettings = {
				ALWAYS_EMBED_SWIFT_STANDARD_LIBRARIES = YES;
				CODE_SIGN_STYLE = Automatic;
				INFOPLIST_FILE = SwiftyUITests/Info.plist;
				LD_RUNPATH_SEARCH_PATHS = (
					"$(inherited)",
					"@executable_path/Frameworks",
					"@loader_path/Frameworks",
				);
				PRODUCT_BUNDLE_IDENTIFIER = com.benfield.design.SwiftyUITests;
				PRODUCT_NAME = "$(TARGET_NAME)";
				SWIFT_VERSION = 5.0;
				TARGETED_DEVICE_FAMILY = "1,2";
				TEST_TARGET_NAME = Swifty;
			};
			name = Debug;
		};
		ABDAD480263F148700BB2E18 /* Release */ = {
			isa = XCBuildConfiguration;
			buildSettings = {
				ALWAYS_EMBED_SWIFT_STANDARD_LIBRARIES = YES;
				CODE_SIGN_STYLE = Automatic;
				INFOPLIST_FILE = SwiftyUITests/Info.plist;
				LD_RUNPATH_SEARCH_PATHS = (
					"$(inherited)",
					"@executable_path/Frameworks",
					"@loader_path/Frameworks",
				);
				PRODUCT_BUNDLE_IDENTIFIER = com.benfield.design.SwiftyUITests;
				PRODUCT_NAME = "$(TARGET_NAME)";
				SWIFT_VERSION = 5.0;
				TARGETED_DEVICE_FAMILY = "1,2";
				TEST_TARGET_NAME = Swifty;
			};
			name = Release;
		};
/* End XCBuildConfiguration section */

/* Begin XCConfigurationList section */
		ABDAD44E263F148600BB2E18 /* Build configuration list for PBXProject "Swifty" */ = {
			isa = XCConfigurationList;
			buildConfigurations = (
				ABDAD476263F148700BB2E18 /* Debug */,
				ABDAD477263F148700BB2E18 /* Release */,
			);
			defaultConfigurationIsVisible = 0;
			defaultConfigurationName = Release;
		};
		ABDAD478263F148700BB2E18 /* Build configuration list for PBXNativeTarget "Swifty" */ = {
			isa = XCConfigurationList;
			buildConfigurations = (
				ABDAD479263F148700BB2E18 /* Debug */,
				ABDAD47A263F148700BB2E18 /* Release */,
			);
			defaultConfigurationIsVisible = 0;
			defaultConfigurationName = Release;
		};
		ABDAD47B263F148700BB2E18 /* Build configuration list for PBXNativeTarget "SwiftyTests" */ = {
			isa = XCConfigurationList;
			buildConfigurations = (
				ABDAD47C263F148700BB2E18 /* Debug */,
				ABDAD47D263F148700BB2E18 /* Release */,
			);
			defaultConfigurationIsVisible = 0;
			defaultConfigurationName = Release;
		};
		ABDAD47E263F148700BB2E18 /* Build configuration list for PBXNativeTarget "SwiftyUITests" */ = {
			isa = XCConfigurationList;
			buildConfigurations = (
				ABDAD47F263F148700BB2E18 /* Debug */,
				ABDAD480263F148700BB2E18 /* Release */,
			);
			defaultConfigurationIsVisible = 0;
			defaultConfigurationName = Release;
		};
/* End XCConfigurationList section */
	};
	rootObject = ABDAD44B263F148600BB2E18 /* Project object */;
}
